
Microsoft Visual Studio Solution File, Format Version 12.00
# Visual Studio 15
VisualStudioVersion = 15.0.27130.2024
MinimumVisualStudioVersion = 10.0.40219.1
Project("{FAE04EC0-301F-11D3-BF4B-00C04F79EFBC}") = "smartPowerService", "smartPowerService\smartPowerService.csproj", "{48B40FC5-B614-4D6C-B6FC-60F8580464FA}"
EndProject
Global
	GlobalSection(SolutionConfigurationPlatforms) = preSolution
		Debug|Any CPU = Debug|Any CPU
		Release|Any CPU = Release|Any CPU
	EndGlobalSection
	GlobalSection(ProjectConfigurationPlatforms) = postSolution
		{48B40FC5-B614-4D6C-B6FC-60F8580464FA}.Debug|Any CPU.ActiveCfg = Debug|Any CPU
		{48B40FC5-B614-4D6C-B6FC-60F8580464FA}.Debug|Any CPU.Build.0 = Debug|Any CPU
		{48B40FC5-B614-4D6C-B6FC-60F8580464FA}.Release|Any CPU.ActiveCfg = Release|Any CPU
		{48B40FC5-B614-4D6C-B6FC-60F8580464FA}.Release|Any CPU.Build.0 = Release|Any CPU
	EndGlobalSection
	GlobalSection(SolutionProperties) = preSolution
		HideSolutionNode = FALSE
	EndGlobalSection
	GlobalSection(ExtensibilityGlobals) = postSolution
		SolutionGuid = {8EA69C99-4886-4981-84CE-8BD1432D60DD}
	EndGlobalSection
EndGlobal
